
Microsoft Visual Studio Solution File, Format Version 12.00
# Visual Studio Version 17
VisualStudioVersion = 17.6.33801.468
MinimumVisualStudioVersion = 10.0.40219.1
Project("{FAE04EC0-301F-11D3-BF4B-00C04F79EFBC}") = "Awesome C# Project", "Awesome C# Project.csproj", "{B4E35232-4FD9-4499-8297-EF66539F5078}"
EndProject
Global
	GlobalSection(SolutionConfigurationPlatforms) = preSolution
		Debug|Any CPU = Debug|Any CPU
		Release|Any CPU = Release|Any CPU
	EndGlobalSection
	GlobalSection(ProjectConfigurationPlatforms) = postSolution
		{B4E35232-4FD9-4499-8297-EF66539F5078}.Debug|Any CPU.ActiveCfg = Debug|Any CPU
		{B4E35232-4FD9-4499-8297-EF66539F5078}.Debug|Any CPU.Build.0 = Debug|Any CPU
		{B4E35232-4FD9-4499-8297-EF66539F5078}.Release|Any CPU.ActiveCfg = Release|Any CPU
		{B4E35232-4FD9-4499-8297-EF66539F5078}.Release|Any CPU.Build.0 = Release|Any CPU
	EndGlobalSection
	GlobalSection(SolutionProperties) = preSolution
		HideSolutionNode = FALSE
	EndGlobalSection
	GlobalSection(ExtensibilityGlobals) = postSolution
		SolutionGuid = {62BA85A0-0922-4320-94B0-D93981DFFCAF}
	EndGlobalSection
EndGlobal
